// !$*UTF8*$!
{
	archiveVersion = 1;
	classes = {
	};
	objectVersion = 60;
	objects = {

/* Begin PBXBuildFile section */
		01085D652C501FE3000FF20B /* MemorizeApp.swift in Sources */ = {isa = PBXBuildFile; fileRef = 01085D642C501FE3000FF20B /* MemorizeApp.swift */; };
		01085D672C501FE3000FF20B /* ContentView.swift in Sources */ = {isa = PBXBuildFile; fileRef = 01085D662C501FE3000FF20B /* ContentView.swift */; };
		01085D692C501FE5000FF20B /* Assets.xcassets in Resources */ = {isa = PBXBuildFile; fileRef = 01085D682C501FE5000FF20B /* Assets.xcassets */; };
		01085D6D2C501FE5000FF20B /* Preview Assets.xcassets in Resources */ = {isa = PBXBuildFile; fileRef = 01085D6C2C501FE5000FF20B /* Preview Assets.xcassets */; };
		01085D772C501FE5000FF20B /* MemorizeTests.swift in Sources */ = {isa = PBXBuildFile; fileRef = 01085D762C501FE5000FF20B /* MemorizeTests.swift */; };
		01085D812C501FE5000FF20B /* MemorizeUITests.swift in Sources */ = {isa = PBXBuildFile; fileRef = 01085D802C501FE5000FF20B /* MemorizeUITests.swift */; };
		01085D832C501FE5000FF20B /* MemorizeUITestsLaunchTests.swift in Sources */ = {isa = PBXBuildFile; fileRef = 01085D822C501FE5000FF20B /* MemorizeUITestsLaunchTests.swift */; };
/* End PBXBuildFile section */

/* Begin PBXContainerItemProxy section */
		01085D732C501FE5000FF20B /* PBXContainerItemProxy */ = {
			isa = PBXContainerItemProxy;
			containerPortal = 01085D592C501FE3000FF20B /* Project object */;
			proxyType = 1;
			remoteGlobalIDString = 01085D602C501FE3000FF20B;
			remoteInfo = Memorize;
		};
		01085D7D2C501FE5000FF20B /* PBXContainerItemProxy */ = {
			isa = PBXContainerItemProxy;
			containerPortal = 01085D592C501FE3000FF20B /* Project object */;
			proxyType = 1;
			remoteGlobalIDString = 01085D602C501FE3000FF20B;
			remoteInfo = Memorize;
		};
/* End PBXContainerItemProxy section */

/* Begin PBXFileReference section */
		01085D612C501FE3000FF20B /* Memorize.app */ = {isa = PBXFileReference; explicitFileType = wrapper.application; includeInIndex = 0; path = Memorize.app; sourceTree = BUILT_PRODUCTS_DIR; };
		01085D642C501FE3000FF20B /* MemorizeApp.swift */ = {isa = PBXFileReference; lastKnownFileType = sourcecode.swift; path = MemorizeApp.swift; sourceTree = "<group>"; };
		01085D662C501FE3000FF20B /* ContentView.swift */ = {isa = PBXFileReference; lastKnownFileType = sourcecode.swift; path = ContentView.swift; sourceTree = "<group>"; };
		01085D682C501FE5000FF20B /* Assets.xcassets */ = {isa = PBXFileReference; lastKnownFileType = folder.assetcatalog; path = Assets.xcassets; sourceTree = "<group>"; };
		01085D6A2C501FE5000FF20B /* Memorize.entitlements */ = {isa = PBXFileReference; lastKnownFileType = text.plist.entitlements; path = Memorize.entitlements; sourceTree = "<group>"; };
		01085D6C2C501FE5000FF20B /* Preview Assets.xcassets */ = {isa = PBXFileReference; lastKnownFileType = folder.assetcatalog; path = "Preview Assets.xcassets"; sourceTree = "<group>"; };
		01085D722C501FE5000FF20B /* MemorizeTests.xctest */ = {isa = PBXFileReference; explicitFileType = wrapper.cfbundle; includeInIndex = 0; path = MemorizeTests.xctest; sourceTree = BUILT_PRODUCTS_DIR; };
		01085D762C501FE5000FF20B /* MemorizeTests.swift */ = {isa = PBXFileReference; lastKnownFileType = sourcecode.swift; path = MemorizeTests.swift; sourceTree = "<group>"; };
		01085D7C2C501FE5000FF20B /* MemorizeUITests.xctest */ = {isa = PBXFileReference; explicitFileType = wrapper.cfbundle; includeInIndex = 0; path = MemorizeUITests.xctest; sourceTree = BUILT_PRODUCTS_DIR; };
		01085D802C501FE5000FF20B /* MemorizeUITests.swift */ = {isa = PBXFileReference; lastKnownFileType = sourcecode.swift; path = MemorizeUITests.swift; sourceTree = "<group>"; };
		01085D822C501FE5000FF20B /* MemorizeUITestsLaunchTests.swift */ = {isa = PBXFileReference; lastKnownFileType = sourcecode.swift; path = MemorizeUITestsLaunchTests.swift; sourceTree = "<group>"; };
/* End PBXFileReference section */

/* Begin PBXFrameworksBuildPhase section */
		01085D5E2C501FE3000FF20B /* Frameworks */ = {
			isa = PBXFrameworksBuildPhase;
			buildActionMask = 2147483647;
			files = (
			);
			runOnlyForDeploymentPostprocessing = 0;
		};
		01085D6F2C501FE5000FF20B /* Frameworks */ = {
			isa = PBXFrameworksBuildPhase;
			buildActionMask = 2147483647;
			files = (
			);
			runOnlyForDeploymentPostprocessing = 0;
		};
		01085D792C501FE5000FF20B /* Frameworks */ = {
			isa = PBXFrameworksBuildPhase;
			buildActionMask = 2147483647;
			files = (
			);
			runOnlyForDeploymentPostprocessing = 0;
		};
/* End PBXFrameworksBuildPhase section */

/* Begin PBXGroup section */
		01085D582C501FE3000FF20B = {
			isa = PBXGroup;
			children = (
				01085D632C501FE3000FF20B /* Memorize */,
				01085D752C501FE5000FF20B /* MemorizeTests */,
				01085D7F2C501FE5000FF20B /* MemorizeUITests */,
				01085D622C501FE3000FF20B /* Products */,
			);
			sourceTree = "<group>";
		};
		01085D622C501FE3000FF20B /* Products */ = {
			isa = PBXGroup;
			children = (
				01085D612C501FE3000FF20B /* Memorize.app */,
				01085D722C501FE5000FF20B /* MemorizeTests.xctest */,
				01085D7C2C501FE5000FF20B /* MemorizeUITests.xctest */,
			);
			name = Products;
			sourceTree = "<group>";
		};
		01085D632C501FE3000FF20B /* Memorize */ = {
			isa = PBXGroup;
			children = (
				01085D642C501FE3000FF20B /* MemorizeApp.swift */,
				01085D662C501FE3000FF20B /* ContentView.swift */,
				01085D682C501FE5000FF20B /* Assets.xcassets */,
				01085D6A2C501FE5000FF20B /* Memorize.entitlements */,
				01085D6B2C501FE5000FF20B /* Preview Content */,
			);
			path = Memorize;
			sourceTree = "<group>";
		};
		01085D6B2C501FE5000FF20B /* Preview Content */ = {
			isa = PBXGroup;
			children = (
				01085D6C2C501FE5000FF20B /* Preview Assets.xcassets */,
			);
			path = "Preview Content";
			sourceTree = "<group>";
		};
		01085D752C501FE5000FF20B /* MemorizeTests */ = {
			isa = PBXGroup;
			children = (
				01085D762C501FE5000FF20B /* MemorizeTests.swift */,
			);
			path = MemorizeTests;
			sourceTree = "<group>";
		};
		01085D7F2C501FE5000FF20B /* MemorizeUITests */ = {
			isa = PBXGroup;
			children = (
				01085D802C501FE5000FF20B /* MemorizeUITests.swift */,
				01085D822C501FE5000FF20B /* MemorizeUITestsLaunchTests.swift */,
			);
			path = MemorizeUITests;
			sourceTree = "<group>";
		};
/* End PBXGroup section */

/* Begin PBXNativeTarget section */
		01085D602C501FE3000FF20B /* Memorize */ = {
			isa = PBXNativeTarget;
			buildConfigurationList = 01085D862C501FE5000FF20B /* Build configuration list for PBXNativeTarget "Memorize" */;
			buildPhases = (
				01085D5D2C501FE3000FF20B /* Sources */,
				01085D5E2C501FE3000FF20B /* Frameworks */,
				01085D5F2C501FE3000FF20B /* Resources */,
			);
			buildRules = (
			);
			dependencies = (
			);
			name = Memorize;
			productName = Memorize;
			productReference = 01085D612C501FE3000FF20B /* Memorize.app */;
			productType = "com.apple.product-type.application";
		};
		01085D712C501FE5000FF20B /* MemorizeTests */ = {
			isa = PBXNativeTarget;
			buildConfigurationList = 01085D892C501FE5000FF20B /* Build configuration list for PBXNativeTarget "MemorizeTests" */;
			buildPhases = (
				01085D6E2C501FE5000FF20B /* Sources */,
				01085D6F2C501FE5000FF20B /* Frameworks */,
				01085D702C501FE5000FF20B /* Resources */,
			);
			buildRules = (
			);
			dependencies = (
				01085D742C501FE5000FF20B /* PBXTargetDependency */,
			);
			name = MemorizeTests;
			productName = MemorizeTests;
			productReference = 01085D722C501FE5000FF20B /* MemorizeTests.xctest */;
			productType = "com.apple.product-type.bundle.unit-test";
		};
		01085D7B2C501FE5000FF20B /* MemorizeUITests */ = {
			isa = PBXNativeTarget;
			buildConfigurationList = 01085D8C2C501FE5000FF20B /* Build configuration list for PBXNativeTarget "MemorizeUITests" */;
			buildPhases = (
				01085D782C501FE5000FF20B /* Sources */,
				01085D792C501FE5000FF20B /* Frameworks */,
				01085D7A2C501FE5000FF20B /* Resources */,
			);
			buildRules = (
			);
			dependencies = (
				01085D7E2C501FE5000FF20B /* PBXTargetDependency */,
			);
			name = MemorizeUITests;
			productName = MemorizeUITests;
			productReference = 01085D7C2C501FE5000FF20B /* MemorizeUITests.xctest */;
			productType = "com.apple.product-type.bundle.ui-testing";
		};
/* End PBXNativeTarget section */

/* Begin PBXProject section */
		01085D592C501FE3000FF20B /* Project object */ = {
			isa = PBXProject;
			attributes = {
				BuildIndependentTargetsInParallel = 1;
				LastSwiftUpdateCheck = 1600;
				LastUpgradeCheck = 1600;
				TargetAttributes = {
					01085D602C501FE3000FF20B = {
						CreatedOnToolsVersion = 16.0;
					};
					01085D712C501FE5000FF20B = {
						CreatedOnToolsVersion = 16.0;
						TestTargetID = 01085D602C501FE3000FF20B;
					};
					01085D7B2C501FE5000FF20B = {
						CreatedOnToolsVersion = 16.0;
						TestTargetID = 01085D602C501FE3000FF20B;
					};
				};
			};
			buildConfigurationList = 01085D5C2C501FE3000FF20B /* Build configuration list for PBXProject "Memorize" */;
			compatibilityVersion = "Xcode 15.0";
			developmentRegion = en;
			hasScannedForEncodings = 0;
			knownRegions = (
				en,
				Base,
			);
			mainGroup = 01085D582C501FE3000FF20B;
			productRefGroup = 01085D622C501FE3000FF20B /* Products */;
			projectDirPath = "";
			projectRoot = "";
			targets = (
				01085D602C501FE3000FF20B /* Memorize */,
				01085D712C501FE5000FF20B /* MemorizeTests */,
				01085D7B2C501FE5000FF20B /* MemorizeUITests */,
			);
		};
/* End PBXProject section */

/* Begin PBXResourcesBuildPhase section */
		01085D5F2C501FE3000FF20B /* Resources */ = {
			isa = PBXResourcesBuildPhase;
			buildActionMask = 2147483647;
			files = (
				01085D6D2C501FE5000FF20B /* Preview Assets.xcassets in Resources */,
				01085D692C501FE5000FF20B /* Assets.xcassets in Resources */,
			);
			runOnlyForDeploymentPostprocessing = 0;
		};
		01085D702C501FE5000FF20B /* Resources */ = {
			isa = PBXResourcesBuildPhase;
			buildActionMask = 2147483647;
			files = (
			);
			runOnlyForDeploymentPostprocessing = 0;
		};
		01085D7A2C501FE5000FF20B /* Resources */ = {
			isa = PBXResourcesBuildPhase;
			buildActionMask = 2147483647;
			files = (
			);
			runOnlyForDeploymentPostprocessing = 0;
		};
/* End PBXResourcesBuildPhase section */

/* Begin PBXSourcesBuildPhase section */
		01085D5D2C501FE3000FF20B /* Sources */ = {
			isa = PBXSourcesBuildPhase;
			buildActionMask = 2147483647;
			files = (
				01085D672C501FE3000FF20B /* ContentView.swift in Sources */,
				01085D652C501FE3000FF20B /* MemorizeApp.swift in Sources */,
			);
			runOnlyForDeploymentPostprocessing = 0;
		};
		01085D6E2C501FE5000FF20B /* Sources */ = {
			isa = PBXSourcesBuildPhase;
			buildActionMask = 2147483647;
			files = (
				01085D772C501FE5000FF20B /* MemorizeTests.swift in Sources */,
			);
			runOnlyForDeploymentPostprocessing = 0;
		};
		01085D782C501FE5000FF20B /* Sources */ = {
			isa = PBXSourcesBuildPhase;
			buildActionMask = 2147483647;
			files = (
				01085D832C501FE5000FF20B /* MemorizeUITestsLaunchTests.swift in Sources */,
				01085D812C501FE5000FF20B /* MemorizeUITests.swift in Sources */,
			);
			runOnlyForDeploymentPostprocessing = 0;
		};
/* End PBXSourcesBuildPhase section */

/* Begin PBXTargetDependency section */
		01085D742C501FE5000FF20B /* PBXTargetDependency */ = {
			isa = PBXTargetDependency;
			target = 01085D602C501FE3000FF20B /* Memorize */;
			targetProxy = 01085D732C501FE5000FF20B /* PBXContainerItemProxy */;
		};
		01085D7E2C501FE5000FF20B /* PBXTargetDependency */ = {
			isa = PBXTargetDependency;
			target = 01085D602C501FE3000FF20B /* Memorize */;
			targetProxy = 01085D7D2C501FE5000FF20B /* PBXContainerItemProxy */;
		};
/* End PBXTargetDependency section */

/* Begin XCBuildConfiguration section */
		01085D842C501FE5000FF20B /* Debug */ = {
			isa = XCBuildConfiguration;
			buildSettings = {
				ALWAYS_SEARCH_USER_PATHS = NO;
				ASSETCATALOG_COMPILER_GENERATE_SWIFT_ASSET_SYMBOL_EXTENSIONS = YES;
				CLANG_ANALYZER_NONNULL = YES;
				CLANG_ANALYZER_NUMBER_OBJECT_CONVERSION = YES_AGGRESSIVE;
				CLANG_CXX_LANGUAGE_STANDARD = "gnu++20";
				CLANG_ENABLE_MODULES = YES;
				CLANG_ENABLE_OBJC_ARC = YES;
				CLANG_ENABLE_OBJC_WEAK = YES;
				CLANG_WARN_BLOCK_CAPTURE_AUTORELEASING = YES;
				CLANG_WARN_BOOL_CONVERSION = YES;
				CLANG_WARN_COMMA = YES;
				CLANG_WARN_CONSTANT_CONVERSION = YES;
				CLANG_WARN_DEPRECATED_OBJC_IMPLEMENTATIONS = YES;
				CLANG_WARN_DIRECT_OBJC_ISA_USAGE = YES_ERROR;
				CLANG_WARN_DOCUMENTATION_COMMENTS = YES;
				CLANG_WARN_EMPTY_BODY = YES;
				CLANG_WARN_ENUM_CONVERSION = YES;
				CLANG_WARN_INFINITE_RECURSION = YES;
				CLANG_WARN_INT_CONVERSION = YES;
				CLANG_WARN_NON_LITERAL_NULL_CONVERSION = YES;
				CLANG_WARN_OBJC_IMPLICIT_RETAIN_SELF = YES;
				CLANG_WARN_OBJC_LITERAL_CONVERSION = YES;
				CLANG_WARN_OBJC_ROOT_CLASS = YES_ERROR;
				CLANG_WARN_QUOTED_INCLUDE_IN_FRAMEWORK_HEADER = YES;
				CLANG_WARN_RANGE_LOOP_ANALYSIS = YES;
				CLANG_WARN_STRICT_PROTOTYPES = YES;
				CLANG_WARN_SUSPICIOUS_MOVE = YES;
				CLANG_WARN_UNGUARDED_AVAILABILITY = YES_AGGRESSIVE;
				CLANG_WARN_UNREACHABLE_CODE = YES;
				CLANG_WARN__DUPLICATE_METHOD_MATCH = YES;
				COPY_PHASE_STRIP = NO;
				DEBUG_INFORMATION_FORMAT = dwarf;
				ENABLE_STRICT_OBJC_MSGSEND = YES;
				ENABLE_TESTABILITY = YES;
				ENABLE_USER_SCRIPT_SANDBOXING = YES;
				GCC_C_LANGUAGE_STANDARD = gnu17;
				GCC_DYNAMIC_NO_PIC = NO;
				GCC_NO_COMMON_BLOCKS = YES;
				GCC_OPTIMIZATION_LEVEL = 0;
				GCC_PREPROCESSOR_DEFINITIONS = (
					"DEBUG=1",
					"$(inherited)",
				);
				GCC_WARN_64_TO_32_BIT_CONVERSION = YES;
				GCC_WARN_ABOUT_RETURN_TYPE = YES_ERROR;
				GCC_WARN_UNDECLARED_SELECTOR = YES;
				GCC_WARN_UNINITIALIZED_AUTOS = YES_AGGRESSIVE;
				GCC_WARN_UNUSED_FUNCTION = YES;
				GCC_WARN_UNUSED_VARIABLE = YES;
				LOCALIZATION_PREFERS_STRING_CATALOGS = YES;
				MTL_ENABLE_DEBUG_INFO = INCLUDE_SOURCE;
				MTL_FAST_MATH = YES;
				ONLY_ACTIVE_ARCH = YES;
				SWIFT_ACTIVE_COMPILATION_CONDITIONS = "DEBUG $(inherited)";
				SWIFT_OPTIMIZATION_LEVEL = "-Onone";
			};
			name = Debug;
		};
		01085D852C501FE5000FF20B /* Release */ = {
			isa = XCBuildConfiguration;
			buildSettings = {
				ALWAYS_SEARCH_USER_PATHS = NO;
				ASSETCATALOG_COMPILER_GENERATE_SWIFT_ASSET_SYMBOL_EXTENSIONS = YES;
				CLANG_ANALYZER_NONNULL = YES;
				CLANG_ANALYZER_NUMBER_OBJECT_CONVERSION = YES_AGGRESSIVE;
				CLANG_CXX_LANGUAGE_STANDARD = "gnu++20";
				CLANG_ENABLE_MODULES = YES;
				CLANG_ENABLE_OBJC_ARC = YES;
				CLANG_ENABLE_OBJC_WEAK = YES;
				CLANG_WARN_BLOCK_CAPTURE_AUTORELEASING = YES;
				CLANG_WARN_BOOL_CONVERSION = YES;
				CLANG_WARN_COMMA = YES;
				CLANG_WARN_CONSTANT_CONVERSION = YES;
				CLANG_WARN_DEPRECATED_OBJC_IMPLEMENTATIONS = YES;
				CLANG_WARN_DIRECT_OBJC_ISA_USAGE = YES_ERROR;
				CLANG_WARN_DOCUMENTATION_COMMENTS = YES;
				CLANG_WARN_EMPTY_BODY = YES;
				CLANG_WARN_ENUM_CONVERSION = YES;
				CLANG_WARN_INFINITE_RECURSION = YES;
				CLANG_WARN_INT_CONVERSION = YES;
				CLANG_WARN_NON_LITERAL_NULL_CONVERSION = YES;
				CLANG_WARN_OBJC_IMPLICIT_RETAIN_SELF = YES;
				CLANG_WARN_OBJC_LITERAL_CONVERSION = YES;
				CLANG_WARN_OBJC_ROOT_CLASS = YES_ERROR;
				CLANG_WARN_QUOTED_INCLUDE_IN_FRAMEWORK_HEADER = YES;
				CLANG_WARN_RANGE_LOOP_ANALYSIS = YES;
				CLANG_WARN_STRICT_PROTOTYPES = YES;
				CLANG_WARN_SUSPICIOUS_MOVE = YES;
				CLANG_WARN_UNGUARDED_AVAILABILITY = YES_AGGRESSIVE;
				CLANG_WARN_UNREACHABLE_CODE = YES;
				CLANG_WARN__DUPLICATE_METHOD_MATCH = YES;
				COPY_PHASE_STRIP = NO;
				DEBUG_INFORMATION_FORMAT = "dwarf-with-dsym";
				ENABLE_NS_ASSERTIONS = NO;
				ENABLE_STRICT_OBJC_MSGSEND = YES;
				ENABLE_USER_SCRIPT_SANDBOXING = YES;
				GCC_C_LANGUAGE_STANDARD = gnu17;
				GCC_NO_COMMON_BLOCKS = YES;
				GCC_WARN_64_TO_32_BIT_CONVERSION = YES;
				GCC_WARN_ABOUT_RETURN_TYPE = YES_ERROR;
				GCC_WARN_UNDECLARED_SELECTOR = YES;
				GCC_WARN_UNINITIALIZED_AUTOS = YES_AGGRESSIVE;
				GCC_WARN_UNUSED_FUNCTION = YES;
				GCC_WARN_UNUSED_VARIABLE = YES;
				LOCALIZATION_PREFERS_STRING_CATALOGS = YES;
				MTL_ENABLE_DEBUG_INFO = NO;
				MTL_FAST_MATH = YES;
				SWIFT_COMPILATION_MODE = wholemodule;
			};
			name = Release;
		};
		01085D872C501FE5000FF20B /* Debug */ = {
			isa = XCBuildConfiguration;
			buildSettings = {
				ASSETCATALOG_COMPILER_APPICON_NAME = AppIcon;
				ASSETCATALOG_COMPILER_GLOBAL_ACCENT_COLOR_NAME = AccentColor;
				CODE_SIGN_ENTITLEMENTS = Memorize/Memorize.entitlements;
				CODE_SIGN_STYLE = Automatic;
				CURRENT_PROJECT_VERSION = 1;
				DEVELOPMENT_ASSET_PATHS = "\"Memorize/Preview Content\"";
				ENABLE_PREVIEWS = YES;
				GENERATE_INFOPLIST_FILE = YES;
				"INFOPLIST_KEY_UIApplicationSceneManifest_Generation[sdk=iphoneos*]" = YES;
				"INFOPLIST_KEY_UIApplicationSceneManifest_Generation[sdk=iphonesimulator*]" = YES;
				"INFOPLIST_KEY_UIApplicationSupportsIndirectInputEvents[sdk=iphoneos*]" = YES;
				"INFOPLIST_KEY_UIApplicationSupportsIndirectInputEvents[sdk=iphonesimulator*]" = YES;
				"INFOPLIST_KEY_UILaunchScreen_Generation[sdk=iphoneos*]" = YES;
				"INFOPLIST_KEY_UILaunchScreen_Generation[sdk=iphonesimulator*]" = YES;
				"INFOPLIST_KEY_UIStatusBarStyle[sdk=iphoneos*]" = UIStatusBarStyleDefault;
				"INFOPLIST_KEY_UIStatusBarStyle[sdk=iphonesimulator*]" = UIStatusBarStyleDefault;
				INFOPLIST_KEY_UISupportedInterfaceOrientations_iPad = "UIInterfaceOrientationPortrait UIInterfaceOrientationPortraitUpsideDown UIInterfaceOrientationLandscapeLeft UIInterfaceOrientationLandscapeRight";
				INFOPLIST_KEY_UISupportedInterfaceOrientations_iPhone = "UIInterfaceOrientationPortrait UIInterfaceOrientationLandscapeLeft UIInterfaceOrientationLandscapeRight";
				IPHONEOS_DEPLOYMENT_TARGET = 18.0;
				LD_RUNPATH_SEARCH_PATHS = "@executable_path/Frameworks";
				"LD_RUNPATH_SEARCH_PATHS[sdk=macosx*]" = "@executable_path/../Frameworks";
				MACOSX_DEPLOYMENT_TARGET = 15.0;
				MARKETING_VERSION = 1.0;
				PRODUCT_BUNDLE_IDENTIFIER = com.naveen.Memorize;
				PRODUCT_NAME = "$(TARGET_NAME)";
				SDKROOT = auto;
				SUPPORTED_PLATFORMS = "iphoneos iphonesimulator macosx xros xrsimulator";
				SWIFT_EMIT_LOC_STRINGS = YES;
				SWIFT_VERSION = 5.0;
				TARGETED_DEVICE_FAMILY = "1,2,7";
				XROS_DEPLOYMENT_TARGET = 2.0;
			};
			name = Debug;
		};
		01085D882C501FE5000FF20B /* Release */ = {
			isa = XCBuildConfiguration;
			buildSettings = {
				ASSETCATALOG_COMPILER_APPICON_NAME = AppIcon;
				ASSETCATALOG_COMPILER_GLOBAL_ACCENT_COLOR_NAME = AccentColor;
				CODE_SIGN_ENTITLEMENTS = Memorize/Memorize.entitlements;
				CODE_SIGN_STYLE = Automatic;
				CURRENT_PROJECT_VERSION = 1;
				DEVELOPMENT_ASSET_PATHS = "\"Memorize/Preview Content\"";
				ENABLE_PREVIEWS = YES;
				GENERATE_INFOPLIST_FILE = YES;
				"INFOPLIST_KEY_UIApplicationSceneManifest_Generation[sdk=iphoneos*]" = YES;
				"INFOPLIST_KEY_UIApplicationSceneManifest_Generation[sdk=iphonesimulator*]" = YES;
				"INFOPLIST_KEY_UIApplicationSupportsIndirectInputEvents[sdk=iphoneos*]" = YES;
				"INFOPLIST_KEY_UIApplicationSupportsIndirectInputEvents[sdk=iphonesimulator*]" = YES;
				"INFOPLIST_KEY_UILaunchScreen_Generation[sdk=iphoneos*]" = YES;
				"INFOPLIST_KEY_UILaunchScreen_Generation[sdk=iphonesimulator*]" = YES;
				"INFOPLIST_KEY_UIStatusBarStyle[sdk=iphoneos*]" = UIStatusBarStyleDefault;
				"INFOPLIST_KEY_UIStatusBarStyle[sdk=iphonesimulator*]" = UIStatusBarStyleDefault;
				INFOPLIST_KEY_UISupportedInterfaceOrientations_iPad = "UIInterfaceOrientationPortrait UIInterfaceOrientationPortraitUpsideDown UIInterfaceOrientationLandscapeLeft UIInterfaceOrientationLandscapeRight";
				INFOPLIST_KEY_UISupportedInterfaceOrientations_iPhone = "UIInterfaceOrientationPortrait UIInterfaceOrientationLandscapeLeft UIInterfaceOrientationLandscapeRight";
				IPHONEOS_DEPLOYMENT_TARGET = 18.0;
				LD_RUNPATH_SEARCH_PATHS = "@executable_path/Frameworks";
				"LD_RUNPATH_SEARCH_PATHS[sdk=macosx*]" = "@executable_path/../Frameworks";
				MACOSX_DEPLOYMENT_TARGET = 15.0;
				MARKETING_VERSION = 1.0;
				PRODUCT_BUNDLE_IDENTIFIER = com.naveen.Memorize;
				PRODUCT_NAME = "$(TARGET_NAME)";
				SDKROOT = auto;
				SUPPORTED_PLATFORMS = "iphoneos iphonesimulator macosx xros xrsimulator";
				SWIFT_EMIT_LOC_STRINGS = YES;
				SWIFT_VERSION = 5.0;
				TARGETED_DEVICE_FAMILY = "1,2,7";
				XROS_DEPLOYMENT_TARGET = 2.0;
			};
			name = Release;
		};
		01085D8A2C501FE5000FF20B /* Debug */ = {
			isa = XCBuildConfiguration;
			buildSettings = {
				BUNDLE_LOADER = "$(TEST_HOST)";
				CODE_SIGN_STYLE = Automatic;
				CURRENT_PROJECT_VERSION = 1;
				GENERATE_INFOPLIST_FILE = YES;
				IPHONEOS_DEPLOYMENT_TARGET = 18.0;
				MACOSX_DEPLOYMENT_TARGET = 15.0;
				MARKETING_VERSION = 1.0;
				PRODUCT_BUNDLE_IDENTIFIER = com.naveen.MemorizeTests;
				PRODUCT_NAME = "$(TARGET_NAME)";
				SDKROOT = auto;
				SUPPORTED_PLATFORMS = "iphoneos iphonesimulator macosx xros xrsimulator";
				SWIFT_EMIT_LOC_STRINGS = NO;
				SWIFT_VERSION = 5.0;
				TARGETED_DEVICE_FAMILY = "1,2,7";
				TEST_HOST = "$(BUILT_PRODUCTS_DIR)/Memorize.app/$(BUNDLE_EXECUTABLE_FOLDER_PATH)/Memorize";
				XROS_DEPLOYMENT_TARGET = 2.0;
			};
			name = Debug;
		};
		01085D8B2C501FE5000FF20B /* Release */ = {
			isa = XCBuildConfiguration;
			buildSettings = {
				BUNDLE_LOADER = "$(TEST_HOST)";
				CODE_SIGN_STYLE = Automatic;
				CURRENT_PROJECT_VERSION = 1;
				GENERATE_INFOPLIST_FILE = YES;
				IPHONEOS_DEPLOYMENT_TARGET = 18.0;
				MACOSX_DEPLOYMENT_TARGET = 15.0;
				MARKETING_VERSION = 1.0;
				PRODUCT_BUNDLE_IDENTIFIER = com.naveen.MemorizeTests;
				PRODUCT_NAME = "$(TARGET_NAME)";
				SDKROOT = auto;
				SUPPORTED_PLATFORMS = "iphoneos iphonesimulator macosx xros xrsimulator";
				SWIFT_EMIT_LOC_STRINGS = NO;
				SWIFT_VERSION = 5.0;
				TARGETED_DEVICE_FAMILY = "1,2,7";
				TEST_HOST = "$(BUILT_PRODUCTS_DIR)/Memorize.app/$(BUNDLE_EXECUTABLE_FOLDER_PATH)/Memorize";
				XROS_DEPLOYMENT_TARGET = 2.0;
			};
			name = Release;
		};
		01085D8D2C501FE5000FF20B /* Debug */ = {
			isa = XCBuildConfiguration;
			buildSettings = {
				CODE_SIGN_STYLE = Automatic;
				CURRENT_PROJECT_VERSION = 1;
				GENERATE_INFOPLIST_FILE = YES;
				IPHONEOS_DEPLOYMENT_TARGET = 18.0;
				MACOSX_DEPLOYMENT_TARGET = 15.0;
				MARKETING_VERSION = 1.0;
				PRODUCT_BUNDLE_IDENTIFIER = com.naveen.MemorizeUITests;
				PRODUCT_NAME = "$(TARGET_NAME)";
				SDKROOT = auto;
				SUPPORTED_PLATFORMS = "iphoneos iphonesimulator macosx xros xrsimulator";
				SWIFT_EMIT_LOC_STRINGS = NO;
				SWIFT_VERSION = 5.0;
				TARGETED_DEVICE_FAMILY = "1,2,7";
				TEST_TARGET_NAME = Memorize;
				XROS_DEPLOYMENT_TARGET = 2.0;
			};
			name = Debug;
		};
		01085D8E2C501FE5000FF20B /* Release */ = {
			isa = XCBuildConfiguration;
			buildSettings = {
				CODE_SIGN_STYLE = Automatic;
				CURRENT_PROJECT_VERSION = 1;
				GENERATE_INFOPLIST_FILE = YES;
				IPHONEOS_DEPLOYMENT_TARGET = 18.0;
				MACOSX_DEPLOYMENT_TARGET = 15.0;
				MARKETING_VERSION = 1.0;
				PRODUCT_BUNDLE_IDENTIFIER = com.naveen.MemorizeUITests;
				PRODUCT_NAME = "$(TARGET_NAME)";
				SDKROOT = auto;
				SUPPORTED_PLATFORMS = "iphoneos iphonesimulator macosx xros xrsimulator";
				SWIFT_EMIT_LOC_STRINGS = NO;
				SWIFT_VERSION = 5.0;
				TARGETED_DEVICE_FAMILY = "1,2,7";
				TEST_TARGET_NAME = Memorize;
				XROS_DEPLOYMENT_TARGET = 2.0;
			};
			name = Release;
		};
/* End XCBuildConfiguration section */

/* Begin XCConfigurationList section */
		01085D5C2C501FE3000FF20B /* Build configuration list for PBXProject "Memorize" */ = {
			isa = XCConfigurationList;
			buildConfigurations = (
				01085D842C501FE5000FF20B /* Debug */,
				01085D852C501FE5000FF20B /* Release */,
			);
			defaultConfigurationIsVisible = 0;
			defaultConfigurationName = Release;
		};
		01085D862C501FE5000FF20B /* Build configuration list for PBXNativeTarget "Memorize" */ = {
			isa = XCConfigurationList;
			buildConfigurations = (
				01085D872C501FE5000FF20B /* Debug */,
				01085D882C501FE5000FF20B /* Release */,
			);
			defaultConfigurationIsVisible = 0;
			defaultConfigurationName = Release;
		};
		01085D892C501FE5000FF20B /* Build configuration list for PBXNativeTarget "MemorizeTests" */ = {
			isa = XCConfigurationList;
			buildConfigurations = (
				01085D8A2C501FE5000FF20B /* Debug */,
				01085D8B2C501FE5000FF20B /* Release */,
			);
			defaultConfigurationIsVisible = 0;
			defaultConfigurationName = Release;
		};
		01085D8C2C501FE5000FF20B /* Build configuration list for PBXNativeTarget "MemorizeUITests" */ = {
			isa = XCConfigurationList;
			buildConfigurations = (
				01085D8D2C501FE5000FF20B /* Debug */,
				01085D8E2C501FE5000FF20B /* Release */,
			);
			defaultConfigurationIsVisible = 0;
			defaultConfigurationName = Release;
		};
/* End XCConfigurationList section */
	};
	rootObject = 01085D592C501FE3000FF20B /* Project object */;
}
